
Microsoft Visual Studio Solution File, Format Version 12.00
# Visual Studio 15
Project("{FAE04EC0-301F-11D3-BF4B-00C04F79EFBC}") = "Assembly-CSharp", "Assembly-CSharp.csproj", "{EE51423A-D606-49EB-060D-75986085DC66}"
EndProject
Project("{FAE04EC0-301F-11D3-BF4B-00C04F79EFBC}") = "Assembly-CSharp-Editor-firstpass", "Assembly-CSharp-Editor-firstpass.csproj", "{FB33DCDF-3C16-5731-2E6B-FA414A0BA326}"
EndProject
Global
	GlobalSection(SolutionConfigurationPlatforms) = preSolution
		Debug|Any CPU = Debug|Any CPU
		Release|Any CPU = Release|Any CPU
	EndGlobalSection
	GlobalSection(ProjectConfigurationPlatforms) = postSolution
		{EE51423A-D606-49EB-060D-75986085DC66}.Debug|Any CPU.ActiveCfg = Debug|Any CPU
		{EE51423A-D606-49EB-060D-75986085DC66}.Debug|Any CPU.Build.0 = Debug|Any CPU
		{EE51423A-D606-49EB-060D-75986085DC66}.Release|Any CPU.ActiveCfg = Release|Any CPU
		{EE51423A-D606-49EB-060D-75986085DC66}.Release|Any CPU.Build.0 = Release|Any CPU
		{FB33DCDF-3C16-5731-2E6B-FA414A0BA326}.Debug|Any CPU.ActiveCfg = Debug|Any CPU
		{FB33DCDF-3C16-5731-2E6B-FA414A0BA326}.Debug|Any CPU.Build.0 = Debug|Any CPU
		{FB33DCDF-3C16-5731-2E6B-FA414A0BA326}.Release|Any CPU.ActiveCfg = Release|Any CPU
		{FB33DCDF-3C16-5731-2E6B-FA414A0BA326}.Release|Any CPU.Build.0 = Release|Any CPU
	EndGlobalSection
	GlobalSection(SolutionProperties) = preSolution
		HideSolutionNode = FALSE
	EndGlobalSection
EndGlobal
